// !$*UTF8*$!
{
	archiveVersion = 1;
	classes = {
	};
	objectVersion = 44;
	objects = {

/* Begin PBXBuildFile section */
		77631A270C06C501005415CB /* Python.framework in Frameworks */ = {isa = PBXBuildFile; fileRef = 77631A260C06C501005415CB /* Python.framework */; };
		77631A3F0C0748CF005415CB /* main.py in Resources */ = {isa = PBXBuildFile; fileRef = 77631A3E0C0748CF005415CB /* main.py */; };
		7790198F0C07548A00326F66 /* MacTimeLogAppDelegate.py in Resources */ = {isa = PBXBuildFile; fileRef = 7790198E0C07548A00326F66 /* MacTimeLogAppDelegate.py */; };
		77C8C1F90C07829500965286 /* MainMenu.xib in Resources */ = {isa = PBXBuildFile; fileRef = 77C8C1F70C07829500965286 /* MainMenu.xib */; };
		8D11072B0486CEB800E47090 /* InfoPlist.strings in Resources */ = {isa = PBXBuildFile; fileRef = 089C165CFE840E0CC02AAC07 /* InfoPlist.strings */; };
		8D11072D0486CEB800E47090 /* main.m in Sources */ = {isa = PBXBuildFile; fileRef = 29B97316FDCFA39411CA2CEA /* main.m */; settings = {ATTRIBUTES = (); }; };
		8D11072F0486CEB800E47090 /* Cocoa.framework in Frameworks */ = {isa = PBXBuildFile; fileRef = 1058C7A1FEA54F0111CA2CBB /* Cocoa.framework */; };
		AC176B1E10A58E8A00A62A32 /* MainController.py in Resources */ = {isa = PBXBuildFile; fileRef = AC176B1D10A58E8A00A62A32 /* MainController.py */; };
		AC176B6410A59C1200A62A32 /* iconset.icns in Resources */ = {isa = PBXBuildFile; fileRef = AC176B6310A59C1200A62A32 /* iconset.icns */; };
		AC176B8D10A5FAD100A62A32 /* Tasks.py in Resources */ = {isa = PBXBuildFile; fileRef = AC176B8C10A5FAD100A62A32 /* Tasks.py */; };
		AC176CF410A6F10D00A62A32 /* Projects.py in Resources */ = {isa = PBXBuildFile; fileRef = AC176CF310A6F10D00A62A32 /* Projects.py */; };
		AC17747410A86EEA00A62A32 /* Charts.py in Resources */ = {isa = PBXBuildFile; fileRef = AC17747310A86EEA00A62A32 /* Charts.py */; };
		AC18DB7910B03883000BDEF0 /* Credits.html in Resources */ = {isa = PBXBuildFile; fileRef = AC18DB7810B03883000BDEF0 /* Credits.html */; };
		AC18DBBD10B072FD000BDEF0 /* Statistics.py in Resources */ = {isa = PBXBuildFile; fileRef = AC18DBBC10B072FD000BDEF0 /* Statistics.py */; };
		AC3E0F4810CA5CD700C387FD /* MainWindowDelegate.py in Resources */ = {isa = PBXBuildFile; fileRef = AC3E0F4710CA5CD700C387FD /* MainWindowDelegate.py */; };
		AC578BA510DCC49C0048D358 /* bin in Resources */ = {isa = PBXBuildFile; fileRef = AC578BA210DCC49C0048D358 /* bin */; };
		AC578C1C10DCCB430048D358 /* utils.py in Resources */ = {isa = PBXBuildFile; fileRef = AC578C1B10DCCB430048D358 /* utils.py */; };
		AC5E4EAD10A993F0007D3920 /* ReportController.py in Resources */ = {isa = PBXBuildFile; fileRef = AC5E4EAC10A993F0007D3920 /* ReportController.py */; };
		AC5E4FC810AB523C007D3920 /* GraphView.py in Resources */ = {isa = PBXBuildFile; fileRef = AC5E4FC710AB523C007D3920 /* GraphView.py */; };
		AC5E506D10AC4E2C007D3920 /* PreferencesController.py in Resources */ = {isa = PBXBuildFile; fileRef = AC5E506C10AC4E2C007D3920 /* PreferencesController.py */; };
		AC73E0D310D53FB800FCFAB1 /* Notification.py in Resources */ = {isa = PBXBuildFile; fileRef = AC73E0D210D53FB800FCFAB1 /* Notification.py */; };
		AC79288D10B72F8B001F21D6 /* SlackingAutocompletes.py in Resources */ = {isa = PBXBuildFile; fileRef = AC79288C10B72F8B001F21D6 /* SlackingAutocompletes.py */; };
		AC7928E410B8937F001F21D6 /* FormatterHelpers.py in Resources */ = {isa = PBXBuildFile; fileRef = AC7928E310B8937F001F21D6 /* FormatterHelpers.py */; };
		AC944CB110B6ED63001F0932 /* MacTimeLog Help in Resources */ = {isa = PBXBuildFile; fileRef = AC944CAE10B6ED63001F0932 /* MacTimeLog Help */; };
		AC944D1110B6FB63001F0932 /* MacTimeLogApplication.py in Resources */ = {isa = PBXBuildFile; fileRef = AC944D1010B6FB63001F0932 /* MacTimeLogApplication.py */; };
		ACE1889110AD5919009F0644 /* durus in Resources */ = {isa = PBXBuildFile; fileRef = ACE1885D10AD5919009F0644 /* durus */; };
		ACFC998110A5817800523403 /* Timings.py in Resources */ = {isa = PBXBuildFile; fileRef = ACFC998010A5817800523403 /* Timings.py */; };
		ACFC998510A5844300523403 /* DataManager.py in Resources */ = {isa = PBXBuildFile; fileRef = ACFC998410A5844300523403 /* DataManager.py */; };
		ACFC998910A5847F00523403 /* PlainTextDriver.py in Resources */ = {isa = PBXBuildFile; fileRef = ACFC998810A5847F00523403 /* PlainTextDriver.py */; };
		ACFC998D10A585F200523403 /* Settings.py in Resources */ = {isa = PBXBuildFile; fileRef = ACFC998C10A585F200523403 /* Settings.py */; };
/* End PBXBuildFile section */

/* Begin PBXCopyFilesBuildPhase section */
		ACBDBF7410CE802000859030 /* CopyFiles */ = {
			isa = PBXCopyFilesBuildPhase;
			buildActionMask = 2147483647;
			dstPath = "";
			dstSubfolderSpec = 10;
			files = (
			);
			runOnlyForDeploymentPostprocessing = 0;
		};
/* End PBXCopyFilesBuildPhase section */

/* Begin PBXFileReference section */
		089C165DFE840E0CC02AAC07 /* English */ = {isa = PBXFileReference; fileEncoding = 10; lastKnownFileType = text.plist.strings; name = English; path = English.lproj/InfoPlist.strings; sourceTree = "<group>"; };
		1058C7A1FEA54F0111CA2CBB /* Cocoa.framework */ = {isa = PBXFileReference; lastKnownFileType = wrapper.framework; name = Cocoa.framework; path = /System/Library/Frameworks/Cocoa.framework; sourceTree = "<absolute>"; };
		13E42FB307B3F0F600E4EEF1 /* CoreData.framework */ = {isa = PBXFileReference; lastKnownFileType = wrapper.framework; name = CoreData.framework; path = /System/Library/Frameworks/CoreData.framework; sourceTree = "<absolute>"; };
		29B97316FDCFA39411CA2CEA /* main.m */ = {isa = PBXFileReference; fileEncoding = 4; lastKnownFileType = sourcecode.c.objc; path = main.m; sourceTree = "<group>"; };
		29B97324FDCFA39411CA2CEA /* AppKit.framework */ = {isa = PBXFileReference; lastKnownFileType = wrapper.framework; name = AppKit.framework; path = /System/Library/Frameworks/AppKit.framework; sourceTree = "<absolute>"; };
		29B97325FDCFA39411CA2CEA /* Foundation.framework */ = {isa = PBXFileReference; lastKnownFileType = wrapper.framework; name = Foundation.framework; path = /System/Library/Frameworks/Foundation.framework; sourceTree = "<absolute>"; };
		32CA4F630368D1EE00C91783 /* MacTimeLog_Prefix.pch */ = {isa = PBXFileReference; fileEncoding = 4; lastKnownFileType = sourcecode.c.h; path = MacTimeLog_Prefix.pch; sourceTree = "<group>"; };
		77631A260C06C501005415CB /* Python.framework */ = {isa = PBXFileReference; lastKnownFileType = wrapper.framework; name = Python.framework; path = /System/Library/Frameworks/Python.framework; sourceTree = "<absolute>"; };
		77631A3E0C0748CF005415CB /* main.py */ = {isa = PBXFileReference; fileEncoding = 4; lastKnownFileType = text.script.python; path = main.py; sourceTree = "<group>"; };
		7790198E0C07548A00326F66 /* MacTimeLogAppDelegate.py */ = {isa = PBXFileReference; fileEncoding = 4; lastKnownFileType = text.script.python; path = MacTimeLogAppDelegate.py; sourceTree = "<group>"; };
		77C8C1F80C07829500965286 /* English */ = {isa = PBXFileReference; lastKnownFileType = file.xib; name = English; path = English.lproj/MainMenu.xib; sourceTree = "<group>"; };
		8D1107310486CEB800E47090 /* Info.plist */ = {isa = PBXFileReference; fileEncoding = 4; lastKnownFileType = text.plist.xml; path = Info.plist; sourceTree = "<group>"; };
		8D1107320486CEB800E47090 /* MacTimeLog.app */ = {isa = PBXFileReference; explicitFileType = wrapper.application; includeInIndex = 0; path = MacTimeLog.app; sourceTree = BUILT_PRODUCTS_DIR; };
		AC176B1D10A58E8A00A62A32 /* MainController.py */ = {isa = PBXFileReference; fileEncoding = 4; lastKnownFileType = text.script.python; path = MainController.py; sourceTree = "<group>"; };
		AC176B6310A59C1200A62A32 /* iconset.icns */ = {isa = PBXFileReference; lastKnownFileType = image.icns; name = iconset.icns; path = data/iconset.icns; sourceTree = "<group>"; };
		AC176B8C10A5FAD100A62A32 /* Tasks.py */ = {isa = PBXFileReference; fileEncoding = 4; lastKnownFileType = text.script.python; path = Tasks.py; sourceTree = "<group>"; };
		AC176CF310A6F10D00A62A32 /* Projects.py */ = {isa = PBXFileReference; fileEncoding = 4; lastKnownFileType = text.script.python; path = Projects.py; sourceTree = "<group>"; };
		AC17747310A86EEA00A62A32 /* Charts.py */ = {isa = PBXFileReference; fileEncoding = 4; lastKnownFileType = text.script.python; path = Charts.py; sourceTree = "<group>"; };
		AC18DB7810B03883000BDEF0 /* Credits.html */ = {isa = PBXFileReference; fileEncoding = 4; lastKnownFileType = text.html; name = Credits.html; path = data/Credits.html; sourceTree = "<group>"; };
		AC18DBBC10B072FD000BDEF0 /* Statistics.py */ = {isa = PBXFileReference; fileEncoding = 4; lastKnownFileType = text.script.python; path = Statistics.py; sourceTree = "<group>"; };
		AC3E0F4710CA5CD700C387FD /* MainWindowDelegate.py */ = {isa = PBXFileReference; fileEncoding = 4; lastKnownFileType = text.script.python; path = MainWindowDelegate.py; sourceTree = "<group>"; };
		AC578BA210DCC49C0048D358 /* bin */ = {isa = PBXFileReference; lastKnownFileType = folder; path = bin; sourceTree = "<group>"; };
		AC578C1B10DCCB430048D358 /* utils.py */ = {isa = PBXFileReference; fileEncoding = 4; lastKnownFileType = text.script.python; path = utils.py; sourceTree = "<group>"; };
		AC5E4EAC10A993F0007D3920 /* ReportController.py */ = {isa = PBXFileReference; fileEncoding = 4; lastKnownFileType = text.script.python; path = ReportController.py; sourceTree = "<group>"; };
		AC5E4FC710AB523C007D3920 /* GraphView.py */ = {isa = PBXFileReference; fileEncoding = 4; lastKnownFileType = text.script.python; path = GraphView.py; sourceTree = "<group>"; };
		AC5E506C10AC4E2C007D3920 /* PreferencesController.py */ = {isa = PBXFileReference; fileEncoding = 4; lastKnownFileType = text.script.python; path = PreferencesController.py; sourceTree = "<group>"; };
		AC73E0D210D53FB800FCFAB1 /* Notification.py */ = {isa = PBXFileReference; fileEncoding = 4; lastKnownFileType = text.script.python; path = Notification.py; sourceTree = "<group>"; };
		AC79288C10B72F8B001F21D6 /* SlackingAutocompletes.py */ = {isa = PBXFileReference; fileEncoding = 4; lastKnownFileType = text.script.python; path = SlackingAutocompletes.py; sourceTree = "<group>"; };
		AC7928E310B8937F001F21D6 /* FormatterHelpers.py */ = {isa = PBXFileReference; fileEncoding = 4; lastKnownFileType = text.script.python; path = FormatterHelpers.py; sourceTree = "<group>"; };
		AC944CAE10B6ED63001F0932 /* MacTimeLog Help */ = {isa = PBXFileReference; lastKnownFileType = folder; path = "MacTimeLog Help"; sourceTree = "<group>"; };
		AC944D1010B6FB63001F0932 /* MacTimeLogApplication.py */ = {isa = PBXFileReference; fileEncoding = 4; lastKnownFileType = text.script.python; path = MacTimeLogApplication.py; sourceTree = "<group>"; };
		ACE1885D10AD5919009F0644 /* durus */ = {isa = PBXFileReference; lastKnownFileType = folder; name = durus; path = lib/durus; sourceTree = "<group>"; };
		ACFC998010A5817800523403 /* Timings.py */ = {isa = PBXFileReference; fileEncoding = 4; lastKnownFileType = text.script.python; path = Timings.py; sourceTree = "<group>"; };
		ACFC998410A5844300523403 /* DataManager.py */ = {isa = PBXFileReference; fileEncoding = 4; lastKnownFileType = text.script.python; path = DataManager.py; sourceTree = "<group>"; };
		ACFC998810A5847F00523403 /* PlainTextDriver.py */ = {isa = PBXFileReference; fileEncoding = 4; lastKnownFileType = text.script.python; path = PlainTextDriver.py; sourceTree = "<group>"; };
		ACFC998C10A585F200523403 /* Settings.py */ = {isa = PBXFileReference; fileEncoding = 4; lastKnownFileType = text.script.python; path = Settings.py; sourceTree = "<group>"; };
/* End PBXFileReference section */

/* Begin PBXFrameworksBuildPhase section */
		8D11072E0486CEB800E47090 /* Frameworks */ = {
			isa = PBXFrameworksBuildPhase;
			buildActionMask = 2147483647;
			files = (
				8D11072F0486CEB800E47090 /* Cocoa.framework in Frameworks */,
				77631A270C06C501005415CB /* Python.framework in Frameworks */,
			);
			runOnlyForDeploymentPostprocessing = 0;
		};
/* End PBXFrameworksBuildPhase section */

/* Begin PBXGroup section */
		080E96DDFE201D6D7F000001 /* Classes */ = {
			isa = PBXGroup;
			children = (
				AC578C1B10DCCB430048D358 /* utils.py */,
				AC73E0D210D53FB800FCFAB1 /* Notification.py */,
				AC3E0F4710CA5CD700C387FD /* MainWindowDelegate.py */,
				AC7928E310B8937F001F21D6 /* FormatterHelpers.py */,
				AC79288C10B72F8B001F21D6 /* SlackingAutocompletes.py */,
				AC944D1010B6FB63001F0932 /* MacTimeLogApplication.py */,
				AC18DBBC10B072FD000BDEF0 /* Statistics.py */,
				AC5E506C10AC4E2C007D3920 /* PreferencesController.py */,
				AC5E4FC710AB523C007D3920 /* GraphView.py */,
				AC17747310A86EEA00A62A32 /* Charts.py */,
				AC176CF310A6F10D00A62A32 /* Projects.py */,
				AC176B8C10A5FAD100A62A32 /* Tasks.py */,
				AC176B1D10A58E8A00A62A32 /* MainController.py */,
				7790198E0C07548A00326F66 /* MacTimeLogAppDelegate.py */,
				ACFC998010A5817800523403 /* Timings.py */,
				ACFC998410A5844300523403 /* DataManager.py */,
				ACFC998810A5847F00523403 /* PlainTextDriver.py */,
				ACFC998C10A585F200523403 /* Settings.py */,
				AC5E4EAC10A993F0007D3920 /* ReportController.py */,
			);
			name = Classes;
			sourceTree = "<group>";
		};
		1058C7A0FEA54F0111CA2CBB /* Linked Frameworks */ = {
			isa = PBXGroup;
			children = (
				77631A260C06C501005415CB /* Python.framework */,
				1058C7A1FEA54F0111CA2CBB /* Cocoa.framework */,
			);
			name = "Linked Frameworks";
			sourceTree = "<group>";
		};
		1058C7A2FEA54F0111CA2CBB /* Other Frameworks */ = {
			isa = PBXGroup;
			children = (
				29B97324FDCFA39411CA2CEA /* AppKit.framework */,
				13E42FB307B3F0F600E4EEF1 /* CoreData.framework */,
				29B97325FDCFA39411CA2CEA /* Foundation.framework */,
			);
			name = "Other Frameworks";
			sourceTree = "<group>";
		};
		19C28FACFE9D520D11CA2CBB /* Products */ = {
			isa = PBXGroup;
			children = (
				8D1107320486CEB800E47090 /* MacTimeLog.app */,
			);
			name = Products;
			sourceTree = "<group>";
		};
		29B97314FDCFA39411CA2CEA /* MacTimeLog */ = {
			isa = PBXGroup;
			children = (
				080E96DDFE201D6D7F000001 /* Classes */,
				29B97315FDCFA39411CA2CEA /* Other Sources */,
				29B97317FDCFA39411CA2CEA /* Resources */,
				29B97323FDCFA39411CA2CEA /* Frameworks */,
				19C28FACFE9D520D11CA2CBB /* Products */,
			);
			name = MacTimeLog;
			sourceTree = "<group>";
		};
		29B97315FDCFA39411CA2CEA /* Other Sources */ = {
			isa = PBXGroup;
			children = (
				32CA4F630368D1EE00C91783 /* MacTimeLog_Prefix.pch */,
				29B97316FDCFA39411CA2CEA /* main.m */,
				77631A3E0C0748CF005415CB /* main.py */,
			);
			name = "Other Sources";
			sourceTree = "<group>";
		};
		29B97317FDCFA39411CA2CEA /* Resources */ = {
			isa = PBXGroup;
			children = (
				AC578BA210DCC49C0048D358 /* bin */,
				AC944CAE10B6ED63001F0932 /* MacTimeLog Help */,
				AC18DB7810B03883000BDEF0 /* Credits.html */,
				ACE1885D10AD5919009F0644 /* durus */,
				AC176B6310A59C1200A62A32 /* iconset.icns */,
				77C8C1F70C07829500965286 /* MainMenu.xib */,
				8D1107310486CEB800E47090 /* Info.plist */,
				089C165CFE840E0CC02AAC07 /* InfoPlist.strings */,
			);
			name = Resources;
			sourceTree = "<group>";
		};
		29B97323FDCFA39411CA2CEA /* Frameworks */ = {
			isa = PBXGroup;
			children = (
				1058C7A0FEA54F0111CA2CBB /* Linked Frameworks */,
				1058C7A2FEA54F0111CA2CBB /* Other Frameworks */,
			);
			name = Frameworks;
			sourceTree = "<group>";
		};
/* End PBXGroup section */

/* Begin PBXNativeTarget section */
		8D1107260486CEB800E47090 /* MacTimeLog */ = {
			isa = PBXNativeTarget;
			buildConfigurationList = C01FCF4A08A954540054247B /* Build configuration list for PBXNativeTarget "MacTimeLog" */;
			buildPhases = (
				8D1107290486CEB800E47090 /* Resources */,
				8D11072C0486CEB800E47090 /* Sources */,
				8D11072E0486CEB800E47090 /* Frameworks */,
				ACBDBF7410CE802000859030 /* CopyFiles */,
			);
			buildRules = (
			);
			dependencies = (
			);
			name = MacTimeLog;
			productInstallPath = "$(HOME)/Applications";
			productName = MacTimeLog;
			productReference = 8D1107320486CEB800E47090 /* MacTimeLog.app */;
			productType = "com.apple.product-type.application";
		};
/* End PBXNativeTarget section */

/* Begin PBXProject section */
		29B97313FDCFA39411CA2CEA /* Project object */ = {
			isa = PBXProject;
			buildConfigurationList = C01FCF4E08A954540054247B /* Build configuration list for PBXProject "MacTimeLog" */;
			compatibilityVersion = "Xcode 3.0";
			hasScannedForEncodings = 1;
			mainGroup = 29B97314FDCFA39411CA2CEA /* MacTimeLog */;
			projectDirPath = "";
			projectRoot = "";
			targets = (
				8D1107260486CEB800E47090 /* MacTimeLog */,
			);
		};
/* End PBXProject section */

/* Begin PBXResourcesBuildPhase section */
		8D1107290486CEB800E47090 /* Resources */ = {
			isa = PBXResourcesBuildPhase;
			buildActionMask = 2147483647;
			files = (
				8D11072B0486CEB800E47090 /* InfoPlist.strings in Resources */,
				77631A3F0C0748CF005415CB /* main.py in Resources */,
				7790198F0C07548A00326F66 /* MacTimeLogAppDelegate.py in Resources */,
				77C8C1F90C07829500965286 /* MainMenu.xib in Resources */,
				ACFC998110A5817800523403 /* Timings.py in Resources */,
				ACFC998510A5844300523403 /* DataManager.py in Resources */,
				ACFC998910A5847F00523403 /* PlainTextDriver.py in Resources */,
				ACFC998D10A585F200523403 /* Settings.py in Resources */,
				AC176B1E10A58E8A00A62A32 /* MainController.py in Resources */,
				AC176B6410A59C1200A62A32 /* iconset.icns in Resources */,
				AC176B8D10A5FAD100A62A32 /* Tasks.py in Resources */,
				AC176CF410A6F10D00A62A32 /* Projects.py in Resources */,
				AC17747410A86EEA00A62A32 /* Charts.py in Resources */,
				AC5E4EAD10A993F0007D3920 /* ReportController.py in Resources */,
				AC5E4FC810AB523C007D3920 /* GraphView.py in Resources */,
				AC5E506D10AC4E2C007D3920 /* PreferencesController.py in Resources */,
				ACE1889110AD5919009F0644 /* durus in Resources */,
				AC18DB7910B03883000BDEF0 /* Credits.html in Resources */,
				AC18DBBD10B072FD000BDEF0 /* Statistics.py in Resources */,
				AC944CB110B6ED63001F0932 /* MacTimeLog Help in Resources */,
				AC944D1110B6FB63001F0932 /* MacTimeLogApplication.py in Resources */,
				AC79288D10B72F8B001F21D6 /* SlackingAutocompletes.py in Resources */,
				AC7928E410B8937F001F21D6 /* FormatterHelpers.py in Resources */,
				AC3E0F4810CA5CD700C387FD /* MainWindowDelegate.py in Resources */,
				AC73E0D310D53FB800FCFAB1 /* Notification.py in Resources */,
				AC578BA510DCC49C0048D358 /* bin in Resources */,
				AC578C1C10DCCB430048D358 /* utils.py in Resources */,
			);
			runOnlyForDeploymentPostprocessing = 0;
		};
/* End PBXResourcesBuildPhase section */

/* Begin PBXSourcesBuildPhase section */
		8D11072C0486CEB800E47090 /* Sources */ = {
			isa = PBXSourcesBuildPhase;
			buildActionMask = 2147483647;
			files = (
				8D11072D0486CEB800E47090 /* main.m in Sources */,
			);
			runOnlyForDeploymentPostprocessing = 0;
		};
/* End PBXSourcesBuildPhase section */

/* Begin PBXVariantGroup section */
		089C165CFE840E0CC02AAC07 /* InfoPlist.strings */ = {
			isa = PBXVariantGroup;
			children = (
				089C165DFE840E0CC02AAC07 /* English */,
			);
			name = InfoPlist.strings;
			sourceTree = "<group>";
		};
		77C8C1F70C07829500965286 /* MainMenu.xib */ = {
			isa = PBXVariantGroup;
			children = (
				77C8C1F80C07829500965286 /* English */,
			);
			name = MainMenu.xib;
			sourceTree = "<group>";
		};
/* End PBXVariantGroup section */

/* Begin XCBuildConfiguration section */
		C01FCF4B08A954540054247B /* Debug */ = {
			isa = XCBuildConfiguration;
			buildSettings = {
				COPY_PHASE_STRIP = NO;
				FRAMEWORK_SEARCH_PATHS = (
					"$(inherited)",
					"\"/Volumes/Growl 1.2 SDK/Frameworks\"",
					"\"$(SRCROOT)\"",
				);
				GCC_DYNAMIC_NO_PIC = NO;
				GCC_ENABLE_FIX_AND_CONTINUE = YES;
				GCC_MODEL_TUNING = G5;
				GCC_OPTIMIZATION_LEVEL = 0;
				GCC_PRECOMPILE_PREFIX_HEADER = YES;
				GCC_PREFIX_HEADER = MacTimeLog_Prefix.pch;
				INFOPLIST_FILE = Info.plist;
				INSTALL_PATH = "$(HOME)/Applications";
				LIBRARY_SEARCH_PATHS = (
					"$(inherited)",
					/usr/local/lib/gpac,
				);
				PRODUCT_NAME = MacTimeLog;
				WRAPPER_EXTENSION = app;
				ZERO_LINK = YES;
			};
			name = Debug;
		};
		C01FCF4C08A954540054247B /* Release */ = {
			isa = XCBuildConfiguration;
			buildSettings = {
				DEBUG_INFORMATION_FORMAT = "dwarf-with-dsym";
				FRAMEWORK_SEARCH_PATHS = (
					"$(inherited)",
					"\"/Volumes/Growl 1.2 SDK/Frameworks\"",
					"\"$(SRCROOT)\"",
				);
				GCC_MODEL_TUNING = G5;
				GCC_PRECOMPILE_PREFIX_HEADER = YES;
				GCC_PREFIX_HEADER = MacTimeLog_Prefix.pch;
				INFOPLIST_FILE = Info.plist;
				INSTALL_PATH = "$(HOME)/Applications";
				LIBRARY_SEARCH_PATHS = (
					"$(inherited)",
					/usr/local/lib/gpac,
				);
				PRODUCT_NAME = MacTimeLog;
				WRAPPER_EXTENSION = app;
			};
			name = Release;
		};
		C01FCF4F08A954540054247B /* Debug */ = {
			isa = XCBuildConfiguration;
			buildSettings = {
				ARCHS = "$(ARCHS_STANDARD_32_BIT_PRE_XCODE_3_1)";
				ARCHS_STANDARD_32_BIT_PRE_XCODE_3_1 = "ppc i386";
				GCC_WARN_ABOUT_RETURN_TYPE = YES;
				GCC_WARN_UNUSED_VARIABLE = YES;
				PREBINDING = NO;
				SDKROOT = "$(DEVELOPER_SDK_DIR)/MacOSX10.5.sdk";
			};
			name = Debug;
		};
		C01FCF5008A954540054247B /* Release */ = {
			isa = XCBuildConfiguration;
			buildSettings = {
				ARCHS = "$(ARCHS_STANDARD_32_BIT_PRE_XCODE_3_1)";
				ARCHS_STANDARD_32_BIT_PRE_XCODE_3_1 = "ppc i386";
				GCC_C_LANGUAGE_STANDARD = gnu99;
				GCC_WARN_ABOUT_RETURN_TYPE = YES;
				GCC_WARN_UNUSED_VARIABLE = YES;
				PREBINDING = NO;
				SDKROOT = "$(DEVELOPER_SDK_DIR)/MacOSX10.5.sdk";
			};
			name = Release;
		};
/* End XCBuildConfiguration section */

/* Begin XCConfigurationList section */
		C01FCF4A08A954540054247B /* Build configuration list for PBXNativeTarget "MacTimeLog" */ = {
			isa = XCConfigurationList;
			buildConfigurations = (
				C01FCF4B08A954540054247B /* Debug */,
				C01FCF4C08A954540054247B /* Release */,
			);
			defaultConfigurationIsVisible = 0;
			defaultConfigurationName = Release;
		};
		C01FCF4E08A954540054247B /* Build configuration list for PBXProject "MacTimeLog" */ = {
			isa = XCConfigurationList;
			buildConfigurations = (
				C01FCF4F08A954540054247B /* Debug */,
				C01FCF5008A954540054247B /* Release */,
			);
			defaultConfigurationIsVisible = 0;
			defaultConfigurationName = Release;
		};
/* End XCConfigurationList section */
	};
	rootObject = 29B97313FDCFA39411CA2CEA /* Project object */;
}
